// !$*UTF8*$!
{
	archiveVersion = 1;
	classes = {
	};
	objectVersion = 56;
	objects = {

/* Begin PBXBuildFile section */
		9BB4FFAB2A5C76D6001ABBFD /* Follower.swift in Sources */ = {isa = PBXBuildFile; fileRef = 9BB4FFAA2A5C76D6001ABBFD /* Follower.swift */; };
		9BB4FFAD2A5C7796001ABBFD /* User.swift in Sources */ = {isa = PBXBuildFile; fileRef = 9BB4FFAC2A5C7796001ABBFD /* User.swift */; };
		9BB4FFB02A5C7BB0001ABBFD /* NetworkManager.swift in Sources */ = {isa = PBXBuildFile; fileRef = 9BB4FFAF2A5C7BB0001ABBFD /* NetworkManager.swift */; };
		9BB4FFB32A5C9169001ABBFD /* ErrorMessage.swift in Sources */ = {isa = PBXBuildFile; fileRef = 9BB4FFB22A5C9169001ABBFD /* ErrorMessage.swift */; };
		9BB4FFB62A5D856B001ABBFD /* FollowerCell.swift in Sources */ = {isa = PBXBuildFile; fileRef = 9BB4FFB52A5D856B001ABBFD /* FollowerCell.swift */; };
		9BB4FFB82A5D85E9001ABBFD /* GFAvatarImageView.swift in Sources */ = {isa = PBXBuildFile; fileRef = 9BB4FFB72A5D85E9001ABBFD /* GFAvatarImageView.swift */; };
		9BB4FFBA2A5DB54D001ABBFD /* UIHelper.swift in Sources */ = {isa = PBXBuildFile; fileRef = 9BB4FFB92A5DB54D001ABBFD /* UIHelper.swift */; };
		9BB4FFC32A5DEA35001ABBFD /* GFEmptyStateView.swift in Sources */ = {isa = PBXBuildFile; fileRef = 9BB4FFC22A5DEA35001ABBFD /* GFEmptyStateView.swift */; };
		9BC44A2C2A55F740001C990B /* AppDelegate.swift in Sources */ = {isa = PBXBuildFile; fileRef = 9BC44A2B2A55F740001C990B /* AppDelegate.swift */; };
		9BC44A2E2A55F740001C990B /* SceneDelegate.swift in Sources */ = {isa = PBXBuildFile; fileRef = 9BC44A2D2A55F740001C990B /* SceneDelegate.swift */; };
		9BC44A352A55F741001C990B /* Assets.xcassets in Resources */ = {isa = PBXBuildFile; fileRef = 9BC44A342A55F741001C990B /* Assets.xcassets */; };
		9BC44A382A55F741001C990B /* LaunchScreen.storyboard in Resources */ = {isa = PBXBuildFile; fileRef = 9BC44A362A55F741001C990B /* LaunchScreen.storyboard */; };
		9BC44A402A55FD5C001C990B /* SearchVC.swift in Sources */ = {isa = PBXBuildFile; fileRef = 9BC44A3F2A55FD5C001C990B /* SearchVC.swift */; };
		9BC44A422A55FD86001C990B /* FavouriteListVC.swift in Sources */ = {isa = PBXBuildFile; fileRef = 9BC44A412A55FD86001C990B /* FavouriteListVC.swift */; };
		9BC44A442A56BE47001C990B /* GFButton.swift in Sources */ = {isa = PBXBuildFile; fileRef = 9BC44A432A56BE47001C990B /* GFButton.swift */; };
		9BC44A462A56C226001C990B /* GFTextField.swift in Sources */ = {isa = PBXBuildFile; fileRef = 9BC44A452A56C226001C990B /* GFTextField.swift */; };
		9BC44A482A56EB78001C990B /* FollowerListVC.swift in Sources */ = {isa = PBXBuildFile; fileRef = 9BC44A472A56EB78001C990B /* FollowerListVC.swift */; };
		9BC44A4A2A56EF28001C990B /* String+Ext.swift in Sources */ = {isa = PBXBuildFile; fileRef = 9BC44A492A56EF28001C990B /* String+Ext.swift */; };
		9BC44A4C2A56EFFC001C990B /* GFTitleLabel.swift in Sources */ = {isa = PBXBuildFile; fileRef = 9BC44A4B2A56EFFC001C990B /* GFTitleLabel.swift */; };
		9BC44A4E2A56F147001C990B /* GFBodyLabel.swift in Sources */ = {isa = PBXBuildFile; fileRef = 9BC44A4D2A56F147001C990B /* GFBodyLabel.swift */; };
		9BC44A502A56F1FE001C990B /* GFAlertVC.swift in Sources */ = {isa = PBXBuildFile; fileRef = 9BC44A4F2A56F1FE001C990B /* GFAlertVC.swift */; };
		9BC44A522A56F77E001C990B /* UIViewController+Ext.swift in Sources */ = {isa = PBXBuildFile; fileRef = 9BC44A512A56F77E001C990B /* UIViewController+Ext.swift */; };
/* End PBXBuildFile section */

/* Begin PBXFileReference section */
		9BB4FFAA2A5C76D6001ABBFD /* Follower.swift */ = {isa = PBXFileReference; lastKnownFileType = sourcecode.swift; path = Follower.swift; sourceTree = "<group>"; };
		9BB4FFAC2A5C7796001ABBFD /* User.swift */ = {isa = PBXFileReference; lastKnownFileType = sourcecode.swift; path = User.swift; sourceTree = "<group>"; };
		9BB4FFAF2A5C7BB0001ABBFD /* NetworkManager.swift */ = {isa = PBXFileReference; lastKnownFileType = sourcecode.swift; path = NetworkManager.swift; sourceTree = "<group>"; };
		9BB4FFB22A5C9169001ABBFD /* ErrorMessage.swift */ = {isa = PBXFileReference; lastKnownFileType = sourcecode.swift; path = ErrorMessage.swift; sourceTree = "<group>"; };
		9BB4FFB52A5D856B001ABBFD /* FollowerCell.swift */ = {isa = PBXFileReference; lastKnownFileType = sourcecode.swift; path = FollowerCell.swift; sourceTree = "<group>"; };
		9BB4FFB72A5D85E9001ABBFD /* GFAvatarImageView.swift */ = {isa = PBXFileReference; lastKnownFileType = sourcecode.swift; path = GFAvatarImageView.swift; sourceTree = "<group>"; };
		9BB4FFB92A5DB54D001ABBFD /* UIHelper.swift */ = {isa = PBXFileReference; lastKnownFileType = sourcecode.swift; path = UIHelper.swift; sourceTree = "<group>"; };
		9BB4FFC22A5DEA35001ABBFD /* GFEmptyStateView.swift */ = {isa = PBXFileReference; lastKnownFileType = sourcecode.swift; path = GFEmptyStateView.swift; sourceTree = "<group>"; };
		9BC44A282A55F740001C990B /* GHFollowers.app */ = {isa = PBXFileReference; explicitFileType = wrapper.application; includeInIndex = 0; path = GHFollowers.app; sourceTree = BUILT_PRODUCTS_DIR; };
		9BC44A2B2A55F740001C990B /* AppDelegate.swift */ = {isa = PBXFileReference; lastKnownFileType = sourcecode.swift; path = AppDelegate.swift; sourceTree = "<group>"; };
		9BC44A2D2A55F740001C990B /* SceneDelegate.swift */ = {isa = PBXFileReference; lastKnownFileType = sourcecode.swift; path = SceneDelegate.swift; sourceTree = "<group>"; };
		9BC44A342A55F741001C990B /* Assets.xcassets */ = {isa = PBXFileReference; lastKnownFileType = folder.assetcatalog; path = Assets.xcassets; sourceTree = "<group>"; };
		9BC44A372A55F741001C990B /* Base */ = {isa = PBXFileReference; lastKnownFileType = file.storyboard; name = Base; path = Base.lproj/LaunchScreen.storyboard; sourceTree = "<group>"; };
		9BC44A392A55F741001C990B /* Info.plist */ = {isa = PBXFileReference; lastKnownFileType = text.plist.xml; path = Info.plist; sourceTree = "<group>"; };
		9BC44A3F2A55FD5C001C990B /* SearchVC.swift */ = {isa = PBXFileReference; lastKnownFileType = sourcecode.swift; path = SearchVC.swift; sourceTree = "<group>"; };
		9BC44A412A55FD86001C990B /* FavouriteListVC.swift */ = {isa = PBXFileReference; lastKnownFileType = sourcecode.swift; path = FavouriteListVC.swift; sourceTree = "<group>"; };
		9BC44A432A56BE47001C990B /* GFButton.swift */ = {isa = PBXFileReference; lastKnownFileType = sourcecode.swift; path = GFButton.swift; sourceTree = "<group>"; };
		9BC44A452A56C226001C990B /* GFTextField.swift */ = {isa = PBXFileReference; lastKnownFileType = sourcecode.swift; path = GFTextField.swift; sourceTree = "<group>"; };
		9BC44A472A56EB78001C990B /* FollowerListVC.swift */ = {isa = PBXFileReference; lastKnownFileType = sourcecode.swift; path = FollowerListVC.swift; sourceTree = "<group>"; };
		9BC44A492A56EF28001C990B /* String+Ext.swift */ = {isa = PBXFileReference; lastKnownFileType = sourcecode.swift; path = "String+Ext.swift"; sourceTree = "<group>"; };
		9BC44A4B2A56EFFC001C990B /* GFTitleLabel.swift */ = {isa = PBXFileReference; lastKnownFileType = sourcecode.swift; path = GFTitleLabel.swift; sourceTree = "<group>"; };
		9BC44A4D2A56F147001C990B /* GFBodyLabel.swift */ = {isa = PBXFileReference; lastKnownFileType = sourcecode.swift; path = GFBodyLabel.swift; sourceTree = "<group>"; };
		9BC44A4F2A56F1FE001C990B /* GFAlertVC.swift */ = {isa = PBXFileReference; lastKnownFileType = sourcecode.swift; path = GFAlertVC.swift; sourceTree = "<group>"; };
		9BC44A512A56F77E001C990B /* UIViewController+Ext.swift */ = {isa = PBXFileReference; lastKnownFileType = sourcecode.swift; path = "UIViewController+Ext.swift"; sourceTree = "<group>"; };
/* End PBXFileReference section */

/* Begin PBXFrameworksBuildPhase section */
		9BC44A252A55F740001C990B /* Frameworks */ = {
			isa = PBXFrameworksBuildPhase;
			buildActionMask = 2147483647;
			files = (
			);
			runOnlyForDeploymentPostprocessing = 0;
		};
/* End PBXFrameworksBuildPhase section */

/* Begin PBXGroup section */
		9BB4FFA92A5C76CD001ABBFD /* Model */ = {
			isa = PBXGroup;
			children = (
				9BB4FFAA2A5C76D6001ABBFD /* Follower.swift */,
				9BB4FFAC2A5C7796001ABBFD /* User.swift */,
			);
			path = Model;
			sourceTree = "<group>";
		};
		9BB4FFAE2A5C7B99001ABBFD /* Managers */ = {
			isa = PBXGroup;
			children = (
				9BB4FFAF2A5C7BB0001ABBFD /* NetworkManager.swift */,
			);
			path = Managers;
			sourceTree = "<group>";
		};
		9BB4FFB12A5C915B001ABBFD /* Utilities */ = {
			isa = PBXGroup;
			children = (
				9BB4FFB22A5C9169001ABBFD /* ErrorMessage.swift */,
				9BB4FFB92A5DB54D001ABBFD /* UIHelper.swift */,
			);
			path = Utilities;
			sourceTree = "<group>";
		};
		9BB4FFB42A5D8536001ABBFD /* Cells */ = {
			isa = PBXGroup;
			children = (
				9BB4FFB52A5D856B001ABBFD /* FollowerCell.swift */,
			);
			path = Cells;
			sourceTree = "<group>";
		};
		9BB4FFBC2A5DE98B001ABBFD /* Buttons */ = {
			isa = PBXGroup;
			children = (
				9BC44A432A56BE47001C990B /* GFButton.swift */,
			);
			path = Buttons;
			sourceTree = "<group>";
		};
		9BB4FFBD2A5DE996001ABBFD /* ImageViews */ = {
			isa = PBXGroup;
			children = (
				9BB4FFB72A5D85E9001ABBFD /* GFAvatarImageView.swift */,
			);
			path = ImageViews;
			sourceTree = "<group>";
		};
		9BB4FFBE2A5DE9A8001ABBFD /* Labels */ = {
			isa = PBXGroup;
			children = (
				9BC44A4B2A56EFFC001C990B /* GFTitleLabel.swift */,
				9BC44A4D2A56F147001C990B /* GFBodyLabel.swift */,
			);
			path = Labels;
			sourceTree = "<group>";
		};
		9BB4FFBF2A5DE9B0001ABBFD /* ViewControllers */ = {
			isa = PBXGroup;
			children = (
				9BC44A4F2A56F1FE001C990B /* GFAlertVC.swift */,
			);
			path = ViewControllers;
			sourceTree = "<group>";
		};
		9BB4FFC02A5DE9CD001ABBFD /* TextFields */ = {
			isa = PBXGroup;
			children = (
				9BC44A452A56C226001C990B /* GFTextField.swift */,
			);
			path = TextFields;
			sourceTree = "<group>";
		};
		9BB4FFC12A5DE9F4001ABBFD /* Views */ = {
			isa = PBXGroup;
			children = (
				9BB4FFC22A5DEA35001ABBFD /* GFEmptyStateView.swift */,
			);
			path = Views;
			sourceTree = "<group>";
		};
		9BC44A1F2A55F740001C990B = {
			isa = PBXGroup;
			children = (
				9BC44A2A2A55F740001C990B /* GHFollowers */,
				9BC44A292A55F740001C990B /* Products */,
			);
			sourceTree = "<group>";
		};
		9BC44A292A55F740001C990B /* Products */ = {
			isa = PBXGroup;
			children = (
				9BC44A282A55F740001C990B /* GHFollowers.app */,
			);
			name = Products;
			sourceTree = "<group>";
		};
		9BC44A2A2A55F740001C990B /* GHFollowers */ = {
			isa = PBXGroup;
			children = (
				9BB4FFB12A5C915B001ABBFD /* Utilities */,
				9BB4FFAE2A5C7B99001ABBFD /* Managers */,
				9BB4FFA92A5C76CD001ABBFD /* Model */,
				9BC44A532A56FBB0001C990B /* Controllers */,
				9BC44A542A56FBE9001C990B /* Custom Views */,
				9BC44A562A56FC79001C990B /* Resources */,
				9BC44A552A56FC1A001C990B /* Extensions */,
				9BC44A392A55F741001C990B /* Info.plist */,
			);
			path = GHFollowers;
			sourceTree = "<group>";
		};
		9BC44A532A56FBB0001C990B /* Controllers */ = {
			isa = PBXGroup;
			children = (
				9BC44A3F2A55FD5C001C990B /* SearchVC.swift */,
				9BC44A412A55FD86001C990B /* FavouriteListVC.swift */,
				9BC44A472A56EB78001C990B /* FollowerListVC.swift */,
			);
			path = Controllers;
			sourceTree = "<group>";
		};
		9BC44A542A56FBE9001C990B /* Custom Views */ = {
			isa = PBXGroup;
			children = (
				9BB4FFC12A5DE9F4001ABBFD /* Views */,
				9BB4FFC02A5DE9CD001ABBFD /* TextFields */,
				9BB4FFBF2A5DE9B0001ABBFD /* ViewControllers */,
				9BB4FFBE2A5DE9A8001ABBFD /* Labels */,
				9BB4FFBD2A5DE996001ABBFD /* ImageViews */,
				9BB4FFBC2A5DE98B001ABBFD /* Buttons */,
				9BB4FFB42A5D8536001ABBFD /* Cells */,
			);
			path = "Custom Views";
			sourceTree = "<group>";
		};
		9BC44A552A56FC1A001C990B /* Extensions */ = {
			isa = PBXGroup;
			children = (
				9BC44A512A56F77E001C990B /* UIViewController+Ext.swift */,
				9BC44A492A56EF28001C990B /* String+Ext.swift */,
			);
			path = Extensions;
			sourceTree = "<group>";
		};
		9BC44A562A56FC79001C990B /* Resources */ = {
			isa = PBXGroup;
			children = (
				9BC44A2D2A55F740001C990B /* SceneDelegate.swift */,
				9BC44A2B2A55F740001C990B /* AppDelegate.swift */,
				9BC44A342A55F741001C990B /* Assets.xcassets */,
				9BC44A362A55F741001C990B /* LaunchScreen.storyboard */,
			);
			path = Resources;
			sourceTree = "<group>";
		};
/* End PBXGroup section */

/* Begin PBXNativeTarget section */
		9BC44A272A55F740001C990B /* GHFollowers */ = {
			isa = PBXNativeTarget;
			buildConfigurationList = 9BC44A3C2A55F741001C990B /* Build configuration list for PBXNativeTarget "GHFollowers" */;
			buildPhases = (
				9BC44A242A55F740001C990B /* Sources */,
				9BC44A252A55F740001C990B /* Frameworks */,
				9BC44A262A55F740001C990B /* Resources */,
			);
			buildRules = (
			);
			dependencies = (
			);
			name = GHFollowers;
			productName = GHFollowers;
			productReference = 9BC44A282A55F740001C990B /* GHFollowers.app */;
			productType = "com.apple.product-type.application";
		};
/* End PBXNativeTarget section */

/* Begin PBXProject section */
		9BC44A202A55F740001C990B /* Project object */ = {
			isa = PBXProject;
			attributes = {
				BuildIndependentTargetsInParallel = 1;
				LastSwiftUpdateCheck = 1430;
				LastUpgradeCheck = 1430;
				TargetAttributes = {
					9BC44A272A55F740001C990B = {
						CreatedOnToolsVersion = 14.3.1;
					};
				};
			};
			buildConfigurationList = 9BC44A232A55F740001C990B /* Build configuration list for PBXProject "GHFollowers" */;
			compatibilityVersion = "Xcode 14.0";
			developmentRegion = en;
			hasScannedForEncodings = 0;
			knownRegions = (
				en,
				Base,
			);
			mainGroup = 9BC44A1F2A55F740001C990B;
			productRefGroup = 9BC44A292A55F740001C990B /* Products */;
			projectDirPath = "";
			projectRoot = "";
			targets = (
				9BC44A272A55F740001C990B /* GHFollowers */,
			);
		};
/* End PBXProject section */

/* Begin PBXResourcesBuildPhase section */
		9BC44A262A55F740001C990B /* Resources */ = {
			isa = PBXResourcesBuildPhase;
			buildActionMask = 2147483647;
			files = (
				9BC44A382A55F741001C990B /* LaunchScreen.storyboard in Resources */,
				9BC44A352A55F741001C990B /* Assets.xcassets in Resources */,
			);
			runOnlyForDeploymentPostprocessing = 0;
		};
/* End PBXResourcesBuildPhase section */

/* Begin PBXSourcesBuildPhase section */
		9BC44A242A55F740001C990B /* Sources */ = {
			isa = PBXSourcesBuildPhase;
			buildActionMask = 2147483647;
			files = (
				9BC44A462A56C226001C990B /* GFTextField.swift in Sources */,
				9BC44A402A55FD5C001C990B /* SearchVC.swift in Sources */,
				9BC44A522A56F77E001C990B /* UIViewController+Ext.swift in Sources */,
				9BC44A442A56BE47001C990B /* GFButton.swift in Sources */,
				9BC44A2C2A55F740001C990B /* AppDelegate.swift in Sources */,
				9BB4FFC32A5DEA35001ABBFD /* GFEmptyStateView.swift in Sources */,
				9BC44A482A56EB78001C990B /* FollowerListVC.swift in Sources */,
				9BB4FFAD2A5C7796001ABBFD /* User.swift in Sources */,
				9BB4FFB62A5D856B001ABBFD /* FollowerCell.swift in Sources */,
				9BB4FFB82A5D85E9001ABBFD /* GFAvatarImageView.swift in Sources */,
				9BC44A502A56F1FE001C990B /* GFAlertVC.swift in Sources */,
				9BB4FFAB2A5C76D6001ABBFD /* Follower.swift in Sources */,
				9BC44A422A55FD86001C990B /* FavouriteListVC.swift in Sources */,
				9BC44A4C2A56EFFC001C990B /* GFTitleLabel.swift in Sources */,
				9BC44A4A2A56EF28001C990B /* String+Ext.swift in Sources */,
				9BB4FFB32A5C9169001ABBFD /* ErrorMessage.swift in Sources */,
				9BB4FFBA2A5DB54D001ABBFD /* UIHelper.swift in Sources */,
				9BB4FFB02A5C7BB0001ABBFD /* NetworkManager.swift in Sources */,
				9BC44A2E2A55F740001C990B /* SceneDelegate.swift in Sources */,
				9BC44A4E2A56F147001C990B /* GFBodyLabel.swift in Sources */,
			);
			runOnlyForDeploymentPostprocessing = 0;
		};
/* End PBXSourcesBuildPhase section */

/* Begin PBXVariantGroup section */
		9BC44A362A55F741001C990B /* LaunchScreen.storyboard */ = {
			isa = PBXVariantGroup;
			children = (
				9BC44A372A55F741001C990B /* Base */,
			);
			name = LaunchScreen.storyboard;
			sourceTree = "<group>";
		};
/* End PBXVariantGroup section */

/* Begin XCBuildConfiguration section */
		9BC44A3A2A55F741001C990B /* Debug */ = {
			isa = XCBuildConfiguration;
			buildSettings = {
				ALWAYS_SEARCH_USER_PATHS = NO;
				CLANG_ANALYZER_NONNULL = YES;
				CLANG_ANALYZER_NUMBER_OBJECT_CONVERSION = YES_AGGRESSIVE;
				CLANG_CXX_LANGUAGE_STANDARD = "gnu++20";
				CLANG_ENABLE_MODULES = YES;
				CLANG_ENABLE_OBJC_ARC = YES;
				CLANG_ENABLE_OBJC_WEAK = YES;
				CLANG_WARN_BLOCK_CAPTURE_AUTORELEASING = YES;
				CLANG_WARN_BOOL_CONVERSION = YES;
				CLANG_WARN_COMMA = YES;
				CLANG_WARN_CONSTANT_CONVERSION = YES;
				CLANG_WARN_DEPRECATED_OBJC_IMPLEMENTATIONS = YES;
				CLANG_WARN_DIRECT_OBJC_ISA_USAGE = YES_ERROR;
				CLANG_WARN_DOCUMENTATION_COMMENTS = YES;
				CLANG_WARN_EMPTY_BODY = YES;
				CLANG_WARN_ENUM_CONVERSION = YES;
				CLANG_WARN_INFINITE_RECURSION = YES;
				CLANG_WARN_INT_CONVERSION = YES;
				CLANG_WARN_NON_LITERAL_NULL_CONVERSION = YES;
				CLANG_WARN_OBJC_IMPLICIT_RETAIN_SELF = YES;
				CLANG_WARN_OBJC_LITERAL_CONVERSION = YES;
				CLANG_WARN_OBJC_ROOT_CLASS = YES_ERROR;
				CLANG_WARN_QUOTED_INCLUDE_IN_FRAMEWORK_HEADER = YES;
				CLANG_WARN_RANGE_LOOP_ANALYSIS = YES;
				CLANG_WARN_STRICT_PROTOTYPES = YES;
				CLANG_WARN_SUSPICIOUS_MOVE = YES;
				CLANG_WARN_UNGUARDED_AVAILABILITY = YES_AGGRESSIVE;
				CLANG_WARN_UNREACHABLE_CODE = YES;
				CLANG_WARN__DUPLICATE_METHOD_MATCH = YES;
				COPY_PHASE_STRIP = NO;
				DEBUG_INFORMATION_FORMAT = dwarf;
				ENABLE_STRICT_OBJC_MSGSEND = YES;
				ENABLE_TESTABILITY = YES;
				GCC_C_LANGUAGE_STANDARD = gnu11;
				GCC_DYNAMIC_NO_PIC = NO;
				GCC_NO_COMMON_BLOCKS = YES;
				GCC_OPTIMIZATION_LEVEL = 0;
				GCC_PREPROCESSOR_DEFINITIONS = (
					"DEBUG=1",
					"$(inherited)",
				);
				GCC_WARN_64_TO_32_BIT_CONVERSION = YES;
				GCC_WARN_ABOUT_RETURN_TYPE = YES_ERROR;
				GCC_WARN_UNDECLARED_SELECTOR = YES;
				GCC_WARN_UNINITIALIZED_AUTOS = YES_AGGRESSIVE;
				GCC_WARN_UNUSED_FUNCTION = YES;
				GCC_WARN_UNUSED_VARIABLE = YES;
				IPHONEOS_DEPLOYMENT_TARGET = 16.4;
				MTL_ENABLE_DEBUG_INFO = INCLUDE_SOURCE;
				MTL_FAST_MATH = YES;
				ONLY_ACTIVE_ARCH = YES;
				SDKROOT = iphoneos;
				SWIFT_ACTIVE_COMPILATION_CONDITIONS = DEBUG;
				SWIFT_OPTIMIZATION_LEVEL = "-Onone";
			};
			name = Debug;
		};
		9BC44A3B2A55F741001C990B /* Release */ = {
			isa = XCBuildConfiguration;
			buildSettings = {
				ALWAYS_SEARCH_USER_PATHS = NO;
				CLANG_ANALYZER_NONNULL = YES;
				CLANG_ANALYZER_NUMBER_OBJECT_CONVERSION = YES_AGGRESSIVE;
				CLANG_CXX_LANGUAGE_STANDARD = "gnu++20";
				CLANG_ENABLE_MODULES = YES;
				CLANG_ENABLE_OBJC_ARC = YES;
				CLANG_ENABLE_OBJC_WEAK = YES;
				CLANG_WARN_BLOCK_CAPTURE_AUTORELEASING = YES;
				CLANG_WARN_BOOL_CONVERSION = YES;
				CLANG_WARN_COMMA = YES;
				CLANG_WARN_CONSTANT_CONVERSION = YES;
				CLANG_WARN_DEPRECATED_OBJC_IMPLEMENTATIONS = YES;
				CLANG_WARN_DIRECT_OBJC_ISA_USAGE = YES_ERROR;
				CLANG_WARN_DOCUMENTATION_COMMENTS = YES;
				CLANG_WARN_EMPTY_BODY = YES;
				CLANG_WARN_ENUM_CONVERSION = YES;
				CLANG_WARN_INFINITE_RECURSION = YES;
				CLANG_WARN_INT_CONVERSION = YES;
				CLANG_WARN_NON_LITERAL_NULL_CONVERSION = YES;
				CLANG_WARN_OBJC_IMPLICIT_RETAIN_SELF = YES;
				CLANG_WARN_OBJC_LITERAL_CONVERSION = YES;
				CLANG_WARN_OBJC_ROOT_CLASS = YES_ERROR;
				CLANG_WARN_QUOTED_INCLUDE_IN_FRAMEWORK_HEADER = YES;
				CLANG_WARN_RANGE_LOOP_ANALYSIS = YES;
				CLANG_WARN_STRICT_PROTOTYPES = YES;
				CLANG_WARN_SUSPICIOUS_MOVE = YES;
				CLANG_WARN_UNGUARDED_AVAILABILITY = YES_AGGRESSIVE;
				CLANG_WARN_UNREACHABLE_CODE = YES;
				CLANG_WARN__DUPLICATE_METHOD_MATCH = YES;
				COPY_PHASE_STRIP = NO;
				DEBUG_INFORMATION_FORMAT = "dwarf-with-dsym";
				ENABLE_NS_ASSERTIONS = NO;
				ENABLE_STRICT_OBJC_MSGSEND = YES;
				GCC_C_LANGUAGE_STANDARD = gnu11;
				GCC_NO_COMMON_BLOCKS = YES;
				GCC_WARN_64_TO_32_BIT_CONVERSION = YES;
				GCC_WARN_ABOUT_RETURN_TYPE = YES_ERROR;
				GCC_WARN_UNDECLARED_SELECTOR = YES;
				GCC_WARN_UNINITIALIZED_AUTOS = YES_AGGRESSIVE;
				GCC_WARN_UNUSED_FUNCTION = YES;
				GCC_WARN_UNUSED_VARIABLE = YES;
				IPHONEOS_DEPLOYMENT_TARGET = 16.4;
				MTL_ENABLE_DEBUG_INFO = NO;
				MTL_FAST_MATH = YES;
				SDKROOT = iphoneos;
				SWIFT_COMPILATION_MODE = wholemodule;
				SWIFT_OPTIMIZATION_LEVEL = "-O";
				VALIDATE_PRODUCT = YES;
			};
			name = Release;
		};
		9BC44A3D2A55F741001C990B /* Debug */ = {
			isa = XCBuildConfiguration;
			buildSettings = {
				ASSETCATALOG_COMPILER_APPICON_NAME = AppIcon;
				ASSETCATALOG_COMPILER_GLOBAL_ACCENT_COLOR_NAME = AccentColor;
				CODE_SIGN_STYLE = Automatic;
				CURRENT_PROJECT_VERSION = 1;
				DEVELOPMENT_TEAM = 28LCYBEPQ2;
				GENERATE_INFOPLIST_FILE = YES;
				INFOPLIST_FILE = GHFollowers/Info.plist;
				INFOPLIST_KEY_UIApplicationSupportsIndirectInputEvents = YES;
				INFOPLIST_KEY_UILaunchStoryboardName = LaunchScreen;
				INFOPLIST_KEY_UIMainStoryboardFile = "";
				INFOPLIST_KEY_UISupportedInterfaceOrientations = UIInterfaceOrientationPortrait;
				INFOPLIST_KEY_UISupportedInterfaceOrientations_iPad = "UIInterfaceOrientationLandscapeLeft UIInterfaceOrientationLandscapeRight UIInterfaceOrientationPortrait UIInterfaceOrientationPortraitUpsideDown";
				LD_RUNPATH_SEARCH_PATHS = (
					"$(inherited)",
					"@executable_path/Frameworks",
				);
				MARKETING_VERSION = 1.0;
				PRODUCT_BUNDLE_IDENTIFIER = com.dommontalto.GHFollowers;
				PRODUCT_NAME = "$(TARGET_NAME)";
				SUPPORTED_PLATFORMS = "iphoneos iphonesimulator";
				SUPPORTS_MACCATALYST = NO;
				SUPPORTS_MAC_DESIGNED_FOR_IPHONE_IPAD = NO;
				SWIFT_EMIT_LOC_STRINGS = YES;
				SWIFT_VERSION = 5.0;
				TARGETED_DEVICE_FAMILY = 1;
			};
			name = Debug;
		};
		9BC44A3E2A55F741001C990B /* Release */ = {
			isa = XCBuildConfiguration;
			buildSettings = {
				ASSETCATALOG_COMPILER_APPICON_NAME = AppIcon;
				ASSETCATALOG_COMPILER_GLOBAL_ACCENT_COLOR_NAME = AccentColor;
				CODE_SIGN_STYLE = Automatic;
				CURRENT_PROJECT_VERSION = 1;
				DEVELOPMENT_TEAM = 28LCYBEPQ2;
				GENERATE_INFOPLIST_FILE = YES;
				INFOPLIST_FILE = GHFollowers/Info.plist;
				INFOPLIST_KEY_UIApplicationSupportsIndirectInputEvents = YES;
				INFOPLIST_KEY_UILaunchStoryboardName = LaunchScreen;
				INFOPLIST_KEY_UIMainStoryboardFile = "";
				INFOPLIST_KEY_UISupportedInterfaceOrientations = UIInterfaceOrientationPortrait;
				INFOPLIST_KEY_UISupportedInterfaceOrientations_iPad = "UIInterfaceOrientationLandscapeLeft UIInterfaceOrientationLandscapeRight UIInterfaceOrientationPortrait UIInterfaceOrientationPortraitUpsideDown";
				LD_RUNPATH_SEARCH_PATHS = (
					"$(inherited)",
					"@executable_path/Frameworks",
				);
				MARKETING_VERSION = 1.0;
				PRODUCT_BUNDLE_IDENTIFIER = com.dommontalto.GHFollowers;
				PRODUCT_NAME = "$(TARGET_NAME)";
				SUPPORTED_PLATFORMS = "iphoneos iphonesimulator";
				SUPPORTS_MACCATALYST = NO;
				SUPPORTS_MAC_DESIGNED_FOR_IPHONE_IPAD = NO;
				SWIFT_EMIT_LOC_STRINGS = YES;
				SWIFT_VERSION = 5.0;
				TARGETED_DEVICE_FAMILY = 1;
			};
			name = Release;
		};
/* End XCBuildConfiguration section */

/* Begin XCConfigurationList section */
		9BC44A232A55F740001C990B /* Build configuration list for PBXProject "GHFollowers" */ = {
			isa = XCConfigurationList;
			buildConfigurations = (
				9BC44A3A2A55F741001C990B /* Debug */,
				9BC44A3B2A55F741001C990B /* Release */,
			);
			defaultConfigurationIsVisible = 0;
			defaultConfigurationName = Release;
		};
		9BC44A3C2A55F741001C990B /* Build configuration list for PBXNativeTarget "GHFollowers" */ = {
			isa = XCConfigurationList;
			buildConfigurations = (
				9BC44A3D2A55F741001C990B /* Debug */,
				9BC44A3E2A55F741001C990B /* Release */,
			);
			defaultConfigurationIsVisible = 0;
			defaultConfigurationName = Release;
		};
/* End XCConfigurationList section */
	};
	rootObject = 9BC44A202A55F740001C990B /* Project object */;
}
